// !$*UTF8*$!
{
	archiveVersion = 1;
	classes = {
	};
	objectVersion = 48;
	objects = {

/* Begin PBXBuildFile section */
		0457BC6E1FAA9C74008D3866 /* AppDelegate.swift in Sources */ = {isa = PBXBuildFile; fileRef = 0457BC6D1FAA9C74008D3866 /* AppDelegate.swift */; };
		0457BC701FAA9C74008D3866 /* ViewController.swift in Sources */ = {isa = PBXBuildFile; fileRef = 0457BC6F1FAA9C74008D3866 /* ViewController.swift */; };
		0457BC731FAA9C74008D3866 /* Main.storyboard in Resources */ = {isa = PBXBuildFile; fileRef = 0457BC711FAA9C74008D3866 /* Main.storyboard */; };
		0457BC751FAA9C74008D3866 /* Assets.xcassets in Resources */ = {isa = PBXBuildFile; fileRef = 0457BC741FAA9C74008D3866 /* Assets.xcassets */; };
		0457BC781FAA9C74008D3866 /* LaunchScreen.storyboard in Resources */ = {isa = PBXBuildFile; fileRef = 0457BC761FAA9C74008D3866 /* LaunchScreen.storyboard */; };
		0457BC831FAA9C74008D3866 /* MVPTests.swift in Sources */ = {isa = PBXBuildFile; fileRef = 0457BC821FAA9C74008D3866 /* MVPTests.swift */; };
		0457BC8E1FAA9C74008D3866 /* MVPUITests.swift in Sources */ = {isa = PBXBuildFile; fileRef = 0457BC8D1FAA9C74008D3866 /* MVPUITests.swift */; };
		0457BC9F1FAAA830008D3866 /* ChatPresenter.swift in Sources */ = {isa = PBXBuildFile; fileRef = 0457BC9E1FAAA830008D3866 /* ChatPresenter.swift */; };
		0457BCA11FAAA86E008D3866 /* Room.swift in Sources */ = {isa = PBXBuildFile; fileRef = 0457BCA01FAAA86E008D3866 /* Room.swift */; };
		0457BCA31FAAA8EF008D3866 /* RoomService.swift in Sources */ = {isa = PBXBuildFile; fileRef = 0457BCA21FAAA8EF008D3866 /* RoomService.swift */; };
		0457BCA51FAAB54D008D3866 /* ChatCell.swift in Sources */ = {isa = PBXBuildFile; fileRef = 0457BCA41FAAB54D008D3866 /* ChatCell.swift */; };
/* End PBXBuildFile section */

/* Begin PBXContainerItemProxy section */
		0457BC7F1FAA9C74008D3866 /* PBXContainerItemProxy */ = {
			isa = PBXContainerItemProxy;
			containerPortal = 0457BC621FAA9C74008D3866 /* Project object */;
			proxyType = 1;
			remoteGlobalIDString = 0457BC691FAA9C74008D3866;
			remoteInfo = MVP;
		};
		0457BC8A1FAA9C74008D3866 /* PBXContainerItemProxy */ = {
			isa = PBXContainerItemProxy;
			containerPortal = 0457BC621FAA9C74008D3866 /* Project object */;
			proxyType = 1;
			remoteGlobalIDString = 0457BC691FAA9C74008D3866;
			remoteInfo = MVP;
		};
/* End PBXContainerItemProxy section */

/* Begin PBXFileReference section */
		0457BC6A1FAA9C74008D3866 /* MVP.app */ = {isa = PBXFileReference; explicitFileType = wrapper.application; includeInIndex = 0; path = MVP.app; sourceTree = BUILT_PRODUCTS_DIR; };
		0457BC6D1FAA9C74008D3866 /* AppDelegate.swift */ = {isa = PBXFileReference; lastKnownFileType = sourcecode.swift; path = AppDelegate.swift; sourceTree = "<group>"; };
		0457BC6F1FAA9C74008D3866 /* ViewController.swift */ = {isa = PBXFileReference; lastKnownFileType = sourcecode.swift; path = ViewController.swift; sourceTree = "<group>"; };
		0457BC721FAA9C74008D3866 /* Base */ = {isa = PBXFileReference; lastKnownFileType = file.storyboard; name = Base; path = Base.lproj/Main.storyboard; sourceTree = "<group>"; };
		0457BC741FAA9C74008D3866 /* Assets.xcassets */ = {isa = PBXFileReference; lastKnownFileType = folder.assetcatalog; path = Assets.xcassets; sourceTree = "<group>"; };
		0457BC771FAA9C74008D3866 /* Base */ = {isa = PBXFileReference; lastKnownFileType = file.storyboard; name = Base; path = Base.lproj/LaunchScreen.storyboard; sourceTree = "<group>"; };
		0457BC791FAA9C74008D3866 /* Info.plist */ = {isa = PBXFileReference; lastKnownFileType = text.plist.xml; path = Info.plist; sourceTree = "<group>"; };
		0457BC7E1FAA9C74008D3866 /* MVPTests.xctest */ = {isa = PBXFileReference; explicitFileType = wrapper.cfbundle; includeInIndex = 0; path = MVPTests.xctest; sourceTree = BUILT_PRODUCTS_DIR; };
		0457BC821FAA9C74008D3866 /* MVPTests.swift */ = {isa = PBXFileReference; lastKnownFileType = sourcecode.swift; path = MVPTests.swift; sourceTree = "<group>"; };
		0457BC841FAA9C74008D3866 /* Info.plist */ = {isa = PBXFileReference; lastKnownFileType = text.plist.xml; path = Info.plist; sourceTree = "<group>"; };
		0457BC891FAA9C74008D3866 /* MVPUITests.xctest */ = {isa = PBXFileReference; explicitFileType = wrapper.cfbundle; includeInIndex = 0; path = MVPUITests.xctest; sourceTree = BUILT_PRODUCTS_DIR; };
		0457BC8D1FAA9C74008D3866 /* MVPUITests.swift */ = {isa = PBXFileReference; lastKnownFileType = sourcecode.swift; path = MVPUITests.swift; sourceTree = "<group>"; };
		0457BC8F1FAA9C74008D3866 /* Info.plist */ = {isa = PBXFileReference; lastKnownFileType = text.plist.xml; path = Info.plist; sourceTree = "<group>"; };
		0457BC9E1FAAA830008D3866 /* ChatPresenter.swift */ = {isa = PBXFileReference; lastKnownFileType = sourcecode.swift; path = ChatPresenter.swift; sourceTree = "<group>"; };
		0457BCA01FAAA86E008D3866 /* Room.swift */ = {isa = PBXFileReference; lastKnownFileType = sourcecode.swift; path = Room.swift; sourceTree = "<group>"; };
		0457BCA21FAAA8EF008D3866 /* RoomService.swift */ = {isa = PBXFileReference; lastKnownFileType = sourcecode.swift; path = RoomService.swift; sourceTree = "<group>"; };
		0457BCA41FAAB54D008D3866 /* ChatCell.swift */ = {isa = PBXFileReference; lastKnownFileType = sourcecode.swift; path = ChatCell.swift; sourceTree = "<group>"; };
/* End PBXFileReference section */

/* Begin PBXFrameworksBuildPhase section */
		0457BC671FAA9C74008D3866 /* Frameworks */ = {
			isa = PBXFrameworksBuildPhase;
			buildActionMask = 2147483647;
			files = (
			);
			runOnlyForDeploymentPostprocessing = 0;
		};
		0457BC7B1FAA9C74008D3866 /* Frameworks */ = {
			isa = PBXFrameworksBuildPhase;
			buildActionMask = 2147483647;
			files = (
			);
			runOnlyForDeploymentPostprocessing = 0;
		};
		0457BC861FAA9C74008D3866 /* Frameworks */ = {
			isa = PBXFrameworksBuildPhase;
			buildActionMask = 2147483647;
			files = (
			);
			runOnlyForDeploymentPostprocessing = 0;
		};
/* End PBXFrameworksBuildPhase section */

/* Begin PBXGroup section */
		0457BC611FAA9C74008D3866 = {
			isa = PBXGroup;
			children = (
				0457BC6C1FAA9C74008D3866 /* MVP */,
				0457BC811FAA9C74008D3866 /* MVPTests */,
				0457BC8C1FAA9C74008D3866 /* MVPUITests */,
				0457BC6B1FAA9C74008D3866 /* Products */,
			);
			sourceTree = "<group>";
		};
		0457BC6B1FAA9C74008D3866 /* Products */ = {
			isa = PBXGroup;
			children = (
				0457BC6A1FAA9C74008D3866 /* MVP.app */,
				0457BC7E1FAA9C74008D3866 /* MVPTests.xctest */,
				0457BC891FAA9C74008D3866 /* MVPUITests.xctest */,
			);
			name = Products;
			sourceTree = "<group>";
		};
		0457BC6C1FAA9C74008D3866 /* MVP */ = {
			isa = PBXGroup;
			children = (
				0457BC6D1FAA9C74008D3866 /* AppDelegate.swift */,
				0457BC9D1FAA9CAD008D3866 /* Model */,
				0457BC9C1FAA9C9A008D3866 /* Presenter */,
				0457BC9B1FAA9C87008D3866 /* View */,
				0457BC711FAA9C74008D3866 /* Main.storyboard */,
				0457BC741FAA9C74008D3866 /* Assets.xcassets */,
				0457BC761FAA9C74008D3866 /* LaunchScreen.storyboard */,
				0457BC791FAA9C74008D3866 /* Info.plist */,
			);
			path = MVP;
			sourceTree = "<group>";
		};
		0457BC811FAA9C74008D3866 /* MVPTests */ = {
			isa = PBXGroup;
			children = (
				0457BC821FAA9C74008D3866 /* MVPTests.swift */,
				0457BC841FAA9C74008D3866 /* Info.plist */,
			);
			path = MVPTests;
			sourceTree = "<group>";
		};
		0457BC8C1FAA9C74008D3866 /* MVPUITests */ = {
			isa = PBXGroup;
			children = (
				0457BC8D1FAA9C74008D3866 /* MVPUITests.swift */,
				0457BC8F1FAA9C74008D3866 /* Info.plist */,
			);
			path = MVPUITests;
			sourceTree = "<group>";
		};
		0457BC9B1FAA9C87008D3866 /* View */ = {
			isa = PBXGroup;
			children = (
				0457BC6F1FAA9C74008D3866 /* ViewController.swift */,
				0457BCA41FAAB54D008D3866 /* ChatCell.swift */,
			);
			path = View;
			sourceTree = "<group>";
		};
		0457BC9C1FAA9C9A008D3866 /* Presenter */ = {
			isa = PBXGroup;
			children = (
				0457BC9E1FAAA830008D3866 /* ChatPresenter.swift */,
			);
			path = Presenter;
			sourceTree = "<group>";
		};
		0457BC9D1FAA9CAD008D3866 /* Model */ = {
			isa = PBXGroup;
			children = (
				0457BCA01FAAA86E008D3866 /* Room.swift */,
				0457BCA21FAAA8EF008D3866 /* RoomService.swift */,
			);
			path = Model;
			sourceTree = "<group>";
		};
/* End PBXGroup section */

/* Begin PBXNativeTarget section */
		0457BC691FAA9C74008D3866 /* MVP */ = {
			isa = PBXNativeTarget;
			buildConfigurationList = 0457BC921FAA9C74008D3866 /* Build configuration list for PBXNativeTarget "MVP" */;
			buildPhases = (
				0457BC661FAA9C74008D3866 /* Sources */,
				0457BC671FAA9C74008D3866 /* Frameworks */,
				0457BC681FAA9C74008D3866 /* Resources */,
			);
			buildRules = (
			);
			dependencies = (
			);
			name = MVP;
			productName = MVP;
			productReference = 0457BC6A1FAA9C74008D3866 /* MVP.app */;
			productType = "com.apple.product-type.application";
		};
		0457BC7D1FAA9C74008D3866 /* MVPTests */ = {
			isa = PBXNativeTarget;
			buildConfigurationList = 0457BC951FAA9C74008D3866 /* Build configuration list for PBXNativeTarget "MVPTests" */;
			buildPhases = (
				0457BC7A1FAA9C74008D3866 /* Sources */,
				0457BC7B1FAA9C74008D3866 /* Frameworks */,
				0457BC7C1FAA9C74008D3866 /* Resources */,
			);
			buildRules = (
			);
			dependencies = (
				0457BC801FAA9C74008D3866 /* PBXTargetDependency */,
			);
			name = MVPTests;
			productName = MVPTests;
			productReference = 0457BC7E1FAA9C74008D3866 /* MVPTests.xctest */;
			productType = "com.apple.product-type.bundle.unit-test";
		};
		0457BC881FAA9C74008D3866 /* MVPUITests */ = {
			isa = PBXNativeTarget;
			buildConfigurationList = 0457BC981FAA9C74008D3866 /* Build configuration list for PBXNativeTarget "MVPUITests" */;
			buildPhases = (
				0457BC851FAA9C74008D3866 /* Sources */,
				0457BC861FAA9C74008D3866 /* Frameworks */,
				0457BC871FAA9C74008D3866 /* Resources */,
			);
			buildRules = (
			);
			dependencies = (
				0457BC8B1FAA9C74008D3866 /* PBXTargetDependency */,
			);
			name = MVPUITests;
			productName = MVPUITests;
			productReference = 0457BC891FAA9C74008D3866 /* MVPUITests.xctest */;
			productType = "com.apple.product-type.bundle.ui-testing";
		};
/* End PBXNativeTarget section */

/* Begin PBXProject section */
		0457BC621FAA9C74008D3866 /* Project object */ = {
			isa = PBXProject;
			attributes = {
				LastSwiftUpdateCheck = 0900;
				LastUpgradeCheck = 0900;
				ORGANIZATIONNAME = qiscus;
				TargetAttributes = {
					0457BC691FAA9C74008D3866 = {
						CreatedOnToolsVersion = 9.0;
						ProvisioningStyle = Automatic;
					};
					0457BC7D1FAA9C74008D3866 = {
						CreatedOnToolsVersion = 9.0;
						ProvisioningStyle = Automatic;
						TestTargetID = 0457BC691FAA9C74008D3866;
					};
					0457BC881FAA9C74008D3866 = {
						CreatedOnToolsVersion = 9.0;
						ProvisioningStyle = Automatic;
						TestTargetID = 0457BC691FAA9C74008D3866;
					};
				};
			};
			buildConfigurationList = 0457BC651FAA9C74008D3866 /* Build configuration list for PBXProject "MVP" */;
			compatibilityVersion = "Xcode 8.0";
			developmentRegion = en;
			hasScannedForEncodings = 0;
			knownRegions = (
				en,
				Base,
			);
			mainGroup = 0457BC611FAA9C74008D3866;
			productRefGroup = 0457BC6B1FAA9C74008D3866 /* Products */;
			projectDirPath = "";
			projectRoot = "";
			targets = (
				0457BC691FAA9C74008D3866 /* MVP */,
				0457BC7D1FAA9C74008D3866 /* MVPTests */,
				0457BC881FAA9C74008D3866 /* MVPUITests */,
			);
		};
/* End PBXProject section */

/* Begin PBXResourcesBuildPhase section */
		0457BC681FAA9C74008D3866 /* Resources */ = {
			isa = PBXResourcesBuildPhase;
			buildActionMask = 2147483647;
			files = (
				0457BC781FAA9C74008D3866 /* LaunchScreen.storyboard in Resources */,
				0457BC751FAA9C74008D3866 /* Assets.xcassets in Resources */,
				0457BC731FAA9C74008D3866 /* Main.storyboard in Resources */,
			);
			runOnlyForDeploymentPostprocessing = 0;
		};
		0457BC7C1FAA9C74008D3866 /* Resources */ = {
			isa = PBXResourcesBuildPhase;
			buildActionMask = 2147483647;
			files = (
			);
			runOnlyForDeploymentPostprocessing = 0;
		};
		0457BC871FAA9C74008D3866 /* Resources */ = {
			isa = PBXResourcesBuildPhase;
			buildActionMask = 2147483647;
			files = (
			);
			runOnlyForDeploymentPostprocessing = 0;
		};
/* End PBXResourcesBuildPhase section */

/* Begin PBXSourcesBuildPhase section */
		0457BC661FAA9C74008D3866 /* Sources */ = {
			isa = PBXSourcesBuildPhase;
			buildActionMask = 2147483647;
			files = (
				0457BC9F1FAAA830008D3866 /* ChatPresenter.swift in Sources */,
				0457BC701FAA9C74008D3866 /* ViewController.swift in Sources */,
				0457BCA11FAAA86E008D3866 /* Room.swift in Sources */,
				0457BC6E1FAA9C74008D3866 /* AppDelegate.swift in Sources */,
				0457BCA31FAAA8EF008D3866 /* RoomService.swift in Sources */,
				0457BCA51FAAB54D008D3866 /* ChatCell.swift in Sources */,
			);
			runOnlyForDeploymentPostprocessing = 0;
		};
		0457BC7A1FAA9C74008D3866 /* Sources */ = {
			isa = PBXSourcesBuildPhase;
			buildActionMask = 2147483647;
			files = (
				0457BC831FAA9C74008D3866 /* MVPTests.swift in Sources */,
			);
			runOnlyForDeploymentPostprocessing = 0;
		};
		0457BC851FAA9C74008D3866 /* Sources */ = {
			isa = PBXSourcesBuildPhase;
			buildActionMask = 2147483647;
			files = (
				0457BC8E1FAA9C74008D3866 /* MVPUITests.swift in Sources */,
			);
			runOnlyForDeploymentPostprocessing = 0;
		};
/* End PBXSourcesBuildPhase section */

/* Begin PBXTargetDependency section */
		0457BC801FAA9C74008D3866 /* PBXTargetDependency */ = {
			isa = PBXTargetDependency;
			target = 0457BC691FAA9C74008D3866 /* MVP */;
			targetProxy = 0457BC7F1FAA9C74008D3866 /* PBXContainerItemProxy */;
		};
		0457BC8B1FAA9C74008D3866 /* PBXTargetDependency */ = {
			isa = PBXTargetDependency;
			target = 0457BC691FAA9C74008D3866 /* MVP */;
			targetProxy = 0457BC8A1FAA9C74008D3866 /* PBXContainerItemProxy */;
		};
/* End PBXTargetDependency section */

/* Begin PBXVariantGroup section */
		0457BC711FAA9C74008D3866 /* Main.storyboard */ = {
			isa = PBXVariantGroup;
			children = (
				0457BC721FAA9C74008D3866 /* Base */,
			);
			name = Main.storyboard;
			sourceTree = "<group>";
		};
		0457BC761FAA9C74008D3866 /* LaunchScreen.storyboard */ = {
			isa = PBXVariantGroup;
			children = (
				0457BC771FAA9C74008D3866 /* Base */,
			);
			name = LaunchScreen.storyboard;
			sourceTree = "<group>";
		};
/* End PBXVariantGroup section */

/* Begin XCBuildConfiguration section */
		0457BC901FAA9C74008D3866 /* Debug */ = {
			isa = XCBuildConfiguration;
			buildSettings = {
				ALWAYS_SEARCH_USER_PATHS = NO;
				CLANG_ANALYZER_NONNULL = YES;
				CLANG_ANALYZER_NUMBER_OBJECT_CONVERSION = YES_AGGRESSIVE;
				CLANG_CXX_LANGUAGE_STANDARD = "gnu++14";
				CLANG_CXX_LIBRARY = "libc++";
				CLANG_ENABLE_MODULES = YES;
				CLANG_ENABLE_OBJC_ARC = YES;
				CLANG_WARN_BLOCK_CAPTURE_AUTORELEASING = YES;
				CLANG_WARN_BOOL_CONVERSION = YES;
				CLANG_WARN_COMMA = YES;
				CLANG_WARN_CONSTANT_CONVERSION = YES;
				CLANG_WARN_DIRECT_OBJC_ISA_USAGE = YES_ERROR;
				CLANG_WARN_DOCUMENTATION_COMMENTS = YES;
				CLANG_WARN_EMPTY_BODY = YES;
				CLANG_WARN_ENUM_CONVERSION = YES;
				CLANG_WARN_INFINITE_RECURSION = YES;
				CLANG_WARN_INT_CONVERSION = YES;
				CLANG_WARN_NON_LITERAL_NULL_CONVERSION = YES;
				CLANG_WARN_OBJC_LITERAL_CONVERSION = YES;
				CLANG_WARN_OBJC_ROOT_CLASS = YES_ERROR;
				CLANG_WARN_RANGE_LOOP_ANALYSIS = YES;
				CLANG_WARN_STRICT_PROTOTYPES = YES;
				CLANG_WARN_SUSPICIOUS_MOVE = YES;
				CLANG_WARN_UNGUARDED_AVAILABILITY = YES_AGGRESSIVE;
				CLANG_WARN_UNREACHABLE_CODE = YES;
				CLANG_WARN__DUPLICATE_METHOD_MATCH = YES;
				CODE_SIGN_IDENTITY = "iPhone Developer";
				COPY_PHASE_STRIP = NO;
				DEBUG_INFORMATION_FORMAT = dwarf;
				ENABLE_STRICT_OBJC_MSGSEND = YES;
				ENABLE_TESTABILITY = YES;
				GCC_C_LANGUAGE_STANDARD = gnu11;
				GCC_DYNAMIC_NO_PIC = NO;
				GCC_NO_COMMON_BLOCKS = YES;
				GCC_OPTIMIZATION_LEVEL = 0;
				GCC_PREPROCESSOR_DEFINITIONS = (
					"DEBUG=1",
					"$(inherited)",
				);
				GCC_WARN_64_TO_32_BIT_CONVERSION = YES;
				GCC_WARN_ABOUT_RETURN_TYPE = YES_ERROR;
				GCC_WARN_UNDECLARED_SELECTOR = YES;
				GCC_WARN_UNINITIALIZED_AUTOS = YES_AGGRESSIVE;
				GCC_WARN_UNUSED_FUNCTION = YES;
				GCC_WARN_UNUSED_VARIABLE = YES;
				IPHONEOS_DEPLOYMENT_TARGET = 11.0;
				MTL_ENABLE_DEBUG_INFO = YES;
				ONLY_ACTIVE_ARCH = YES;
				SDKROOT = iphoneos;
				SWIFT_ACTIVE_COMPILATION_CONDITIONS = DEBUG;
				SWIFT_OPTIMIZATION_LEVEL = "-Onone";
			};
			name = Debug;
		};
		0457BC911FAA9C74008D3866 /* Release */ = {
			isa = XCBuildConfiguration;
			buildSettings = {
				ALWAYS_SEARCH_USER_PATHS = NO;
				CLANG_ANALYZER_NONNULL = YES;
				CLANG_ANALYZER_NUMBER_OBJECT_CONVERSION = YES_AGGRESSIVE;
				CLANG_CXX_LANGUAGE_STANDARD = "gnu++14";
				CLANG_CXX_LIBRARY = "libc++";
				CLANG_ENABLE_MODULES = YES;
				CLANG_ENABLE_OBJC_ARC = YES;
				CLANG_WARN_BLOCK_CAPTURE_AUTORELEASING = YES;
				CLANG_WARN_BOOL_CONVERSION = YES;
				CLANG_WARN_COMMA = YES;
				CLANG_WARN_CONSTANT_CONVERSION = YES;
				CLANG_WARN_DIRECT_OBJC_ISA_USAGE = YES_ERROR;
				CLANG_WARN_DOCUMENTATION_COMMENTS = YES;
				CLANG_WARN_EMPTY_BODY = YES;
				CLANG_WARN_ENUM_CONVERSION = YES;
				CLANG_WARN_INFINITE_RECURSION = YES;
				CLANG_WARN_INT_CONVERSION = YES;
				CLANG_WARN_NON_LITERAL_NULL_CONVERSION = YES;
				CLANG_WARN_OBJC_LITERAL_CONVERSION = YES;
				CLANG_WARN_OBJC_ROOT_CLASS = YES_ERROR;
				CLANG_WARN_RANGE_LOOP_ANALYSIS = YES;
				CLANG_WARN_STRICT_PROTOTYPES = YES;
				CLANG_WARN_SUSPICIOUS_MOVE = YES;
				CLANG_WARN_UNGUARDED_AVAILABILITY = YES_AGGRESSIVE;
				CLANG_WARN_UNREACHABLE_CODE = YES;
				CLANG_WARN__DUPLICATE_METHOD_MATCH = YES;
				CODE_SIGN_IDENTITY = "iPhone Developer";
				COPY_PHASE_STRIP = NO;
				DEBUG_INFORMATION_FORMAT = "dwarf-with-dsym";
				ENABLE_NS_ASSERTIONS = NO;
				ENABLE_STRICT_OBJC_MSGSEND = YES;
				GCC_C_LANGUAGE_STANDARD = gnu11;
				GCC_NO_COMMON_BLOCKS = YES;
				GCC_WARN_64_TO_32_BIT_CONVERSION = YES;
				GCC_WARN_ABOUT_RETURN_TYPE = YES_ERROR;
				GCC_WARN_UNDECLARED_SELECTOR = YES;
				GCC_WARN_UNINITIALIZED_AUTOS = YES_AGGRESSIVE;
				GCC_WARN_UNUSED_FUNCTION = YES;
				GCC_WARN_UNUSED_VARIABLE = YES;
				IPHONEOS_DEPLOYMENT_TARGET = 11.0;
				MTL_ENABLE_DEBUG_INFO = NO;
				SDKROOT = iphoneos;
				SWIFT_OPTIMIZATION_LEVEL = "-Owholemodule";
				VALIDATE_PRODUCT = YES;
			};
			name = Release;
		};
		0457BC931FAA9C74008D3866 /* Debug */ = {
			isa = XCBuildConfiguration;
			buildSettings = {
				ASSETCATALOG_COMPILER_APPICON_NAME = AppIcon;
				CODE_SIGN_STYLE = Automatic;
				DEVELOPMENT_TEAM = QG8KA4P8TE;
				INFOPLIST_FILE = MVP/Info.plist;
				LD_RUNPATH_SEARCH_PATHS = "$(inherited) @executable_path/Frameworks";
				PRODUCT_BUNDLE_IDENTIFIER = com.qiscusdev.mvp.MVP;
				PRODUCT_NAME = "$(TARGET_NAME)";
				SWIFT_VERSION = 3.0;
				TARGETED_DEVICE_FAMILY = "1,2";
			};
			name = Debug;
		};
		0457BC941FAA9C74008D3866 /* Release */ = {
			isa = XCBuildConfiguration;
			buildSettings = {
				ASSETCATALOG_COMPILER_APPICON_NAME = AppIcon;
				CODE_SIGN_STYLE = Automatic;
				DEVELOPMENT_TEAM = QG8KA4P8TE;
				INFOPLIST_FILE = MVP/Info.plist;
				LD_RUNPATH_SEARCH_PATHS = "$(inherited) @executable_path/Frameworks";
				PRODUCT_BUNDLE_IDENTIFIER = com.qiscusdev.mvp.MVP;
				PRODUCT_NAME = "$(TARGET_NAME)";
				SWIFT_VERSION = 3.0;
				TARGETED_DEVICE_FAMILY = "1,2";
			};
			name = Release;
		};
		0457BC961FAA9C74008D3866 /* Debug */ = {
			isa = XCBuildConfiguration;
			buildSettings = {
				ALWAYS_EMBED_SWIFT_STANDARD_LIBRARIES = YES;
				BUNDLE_LOADER = "$(TEST_HOST)";
				CODE_SIGN_STYLE = Automatic;
				DEVELOPMENT_TEAM = QG8KA4P8TE;
				INFOPLIST_FILE = MVPTests/Info.plist;
				LD_RUNPATH_SEARCH_PATHS = "$(inherited) @executable_path/Frameworks @loader_path/Frameworks";
				PRODUCT_BUNDLE_IDENTIFIER = com.qiscusdev.mvp.MVPTests;
				PRODUCT_NAME = "$(TARGET_NAME)";
				SWIFT_VERSION = 4.0;
				TARGETED_DEVICE_FAMILY = "1,2";
				TEST_HOST = "$(BUILT_PRODUCTS_DIR)/MVP.app/MVP";
			};
			name = Debug;
		};
		0457BC971FAA9C74008D3866 /* Release */ = {
			isa = XCBuildConfiguration;
			buildSettings = {
				ALWAYS_EMBED_SWIFT_STANDARD_LIBRARIES = YES;
				BUNDLE_LOADER = "$(TEST_HOST)";
				CODE_SIGN_STYLE = Automatic;
				DEVELOPMENT_TEAM = QG8KA4P8TE;
				INFOPLIST_FILE = MVPTests/Info.plist;
				LD_RUNPATH_SEARCH_PATHS = "$(inherited) @executable_path/Frameworks @loader_path/Frameworks";
				PRODUCT_BUNDLE_IDENTIFIER = com.qiscusdev.mvp.MVPTests;
				PRODUCT_NAME = "$(TARGET_NAME)";
				SWIFT_VERSION = 4.0;
				TARGETED_DEVICE_FAMILY = "1,2";
				TEST_HOST = "$(BUILT_PRODUCTS_DIR)/MVP.app/MVP";
			};
			name = Release;
		};
		0457BC991FAA9C74008D3866 /* Debug */ = {
			isa = XCBuildConfiguration;
			buildSettings = {
				ALWAYS_EMBED_SWIFT_STANDARD_LIBRARIES = YES;
				CODE_SIGN_STYLE = Automatic;
				DEVELOPMENT_TEAM = QG8KA4P8TE;
				INFOPLIST_FILE = MVPUITests/Info.plist;
				LD_RUNPATH_SEARCH_PATHS = "$(inherited) @executable_path/Frameworks @loader_path/Frameworks";
				PRODUCT_BUNDLE_IDENTIFIER = com.qiscusdev.mvp.MVPUITests;
				PRODUCT_NAME = "$(TARGET_NAME)";
				SWIFT_VERSION = 4.0;
				TARGETED_DEVICE_FAMILY = "1,2";
				TEST_TARGET_NAME = MVP;
			};
			name = Debug;
		};
		0457BC9A1FAA9C74008D3866 /* Release */ = {
			isa = XCBuildConfiguration;
			buildSettings = {
				ALWAYS_EMBED_SWIFT_STANDARD_LIBRARIES = YES;
				CODE_SIGN_STYLE = Automatic;
				DEVELOPMENT_TEAM = QG8KA4P8TE;
				INFOPLIST_FILE = MVPUITests/Info.plist;
				LD_RUNPATH_SEARCH_PATHS = "$(inherited) @executable_path/Frameworks @loader_path/Frameworks";
				PRODUCT_BUNDLE_IDENTIFIER = com.qiscusdev.mvp.MVPUITests;
				PRODUCT_NAME = "$(TARGET_NAME)";
				SWIFT_VERSION = 4.0;
				TARGETED_DEVICE_FAMILY = "1,2";
				TEST_TARGET_NAME = MVP;
			};
			name = Release;
		};
/* End XCBuildConfiguration section */

/* Begin XCConfigurationList section */
		0457BC651FAA9C74008D3866 /* Build configuration list for PBXProject "MVP" */ = {
			isa = XCConfigurationList;
			buildConfigurations = (
				0457BC901FAA9C74008D3866 /* Debug */,
				0457BC911FAA9C74008D3866 /* Release */,
			);
			defaultConfigurationIsVisible = 0;
			defaultConfigurationName = Release;
		};
		0457BC921FAA9C74008D3866 /* Build configuration list for PBXNativeTarget "MVP" */ = {
			isa = XCConfigurationList;
			buildConfigurations = (
				0457BC931FAA9C74008D3866 /* Debug */,
				0457BC941FAA9C74008D3866 /* Release */,
			);
			defaultConfigurationIsVisible = 0;
			defaultConfigurationName = Release;
		};
		0457BC951FAA9C74008D3866 /* Build configuration list for PBXNativeTarget "MVPTests" */ = {
			isa = XCConfigurationList;
			buildConfigurations = (
				0457BC961FAA9C74008D3866 /* Debug */,
				0457BC971FAA9C74008D3866 /* Release */,
			);
			defaultConfigurationIsVisible = 0;
			defaultConfigurationName = Release;
		};
		0457BC981FAA9C74008D3866 /* Build configuration list for PBXNativeTarget "MVPUITests" */ = {
			isa = XCConfigurationList;
			buildConfigurations = (
				0457BC991FAA9C74008D3866 /* Debug */,
				0457BC9A1FAA9C74008D3866 /* Release */,
			);
			defaultConfigurationIsVisible = 0;
			defaultConfigurationName = Release;
		};
/* End XCConfigurationList section */
	};
	rootObject = 0457BC621FAA9C74008D3866 /* Project object */;
}
